
Microsoft Visual Studio Solution File, Format Version 12.00
# Visual Studio Version 17
VisualStudioVersion = 17.9.34607.119
MinimumVisualStudioVersion = 10.0.40219.1
Project("{FAE04EC0-301F-11D3-BF4B-00C04F79EFBC}") = "RestaurantBill", "RestaurantBill\RestaurantBill.csproj", "{07BA3D65-1208-47AC-9BA1-5598AFB811F3}"
EndProject
Global
	GlobalSection(SolutionConfigurationPlatforms) = preSolution
		Debug|Any CPU = Debug|Any CPU
		Release|Any CPU = Release|Any CPU
	EndGlobalSection
	GlobalSection(ProjectConfigurationPlatforms) = postSolution
		{07BA3D65-1208-47AC-9BA1-5598AFB811F3}.Debug|Any CPU.ActiveCfg = Debug|Any CPU
		{07BA3D65-1208-47AC-9BA1-5598AFB811F3}.Debug|Any CPU.Build.0 = Debug|Any CPU
		{07BA3D65-1208-47AC-9BA1-5598AFB811F3}.Release|Any CPU.ActiveCfg = Release|Any CPU
		{07BA3D65-1208-47AC-9BA1-5598AFB811F3}.Release|Any CPU.Build.0 = Release|Any CPU
	EndGlobalSection
	GlobalSection(SolutionProperties) = preSolution
		HideSolutionNode = FALSE
	EndGlobalSection
	GlobalSection(ExtensibilityGlobals) = postSolution
		SolutionGuid = {D2CC782C-7740-4614-8A80-0B598664080E}
	EndGlobalSection
EndGlobal
